
Microsoft Visual Studio Solution File, Format Version 12.00
# Visual Studio Version 17
VisualStudioVersion = 17.9.34607.119
MinimumVisualStudioVersion = 10.0.40219.1
Project("{9A19103F-16F7-4668-BE54-9A1E7A4F7556}") = "BlazorWebAppPlaground", "BlazorWebAppPlaground\BlazorWebAppPlaground\BlazorWebAppPlaground.csproj", "{BF36E6BD-F7DD-454C-930E-90A0BD5D2E5A}"
EndProject
Project("{9A19103F-16F7-4668-BE54-9A1E7A4F7556}") = "BlazorWebAppPlaground.Client", "BlazorWebAppPlaground\BlazorWebAppPlaground.Client\BlazorWebAppPlaground.Client.csproj", "{5E8269CB-87B5-4E37-AE64-15A40468BC31}"
EndProject
Global
	GlobalSection(SolutionConfigurationPlatforms) = preSolution
		Debug|Any CPU = Debug|Any CPU
		Release|Any CPU = Release|Any CPU
	EndGlobalSection
	GlobalSection(ProjectConfigurationPlatforms) = postSolution
		{BF36E6BD-F7DD-454C-930E-90A0BD5D2E5A}.Debug|Any CPU.ActiveCfg = Debug|Any CPU
		{BF36E6BD-F7DD-454C-930E-90A0BD5D2E5A}.Debug|Any CPU.Build.0 = Debug|Any CPU
		{BF36E6BD-F7DD-454C-930E-90A0BD5D2E5A}.Release|Any CPU.ActiveCfg = Release|Any CPU
		{BF36E6BD-F7DD-454C-930E-90A0BD5D2E5A}.Release|Any CPU.Build.0 = Release|Any CPU
		{5E8269CB-87B5-4E37-AE64-15A40468BC31}.Debug|Any CPU.ActiveCfg = Debug|Any CPU
		{5E8269CB-87B5-4E37-AE64-15A40468BC31}.Debug|Any CPU.Build.0 = Debug|Any CPU
		{5E8269CB-87B5-4E37-AE64-15A40468BC31}.Release|Any CPU.ActiveCfg = Release|Any CPU
		{5E8269CB-87B5-4E37-AE64-15A40468BC31}.Release|Any CPU.Build.0 = Release|Any CPU
	EndGlobalSection
	GlobalSection(SolutionProperties) = preSolution
		HideSolutionNode = FALSE
	EndGlobalSection
	GlobalSection(ExtensibilityGlobals) = postSolution
		SolutionGuid = {6EA4F519-C971-4DA9-A383-D9F2E5DA63F5}
	EndGlobalSection
EndGlobal
